
Microsoft Visual Studio Solution File, Format Version 12.00
# Visual Studio Version 16
VisualStudioVersion = 16.0.31229.75
MinimumVisualStudioVersion = 10.0.40219.1
Project("{FAE04EC0-301F-11D3-BF4B-00C04F79EFBC}") = "Theâtre", "Theâtre.csproj", "{5C41E561-59C6-4558-BE7B-34F7B65BF074}"
EndProject
Project("{FAE04EC0-301F-11D3-BF4B-00C04F79EFBC}") = "BiblioTheathre", "BiblioTheathre\BiblioTheathre.csproj", "{C0652F56-03CB-40BB-80FB-F7DC4B0B7B05}"
EndProject
Global
	GlobalSection(SolutionConfigurationPlatforms) = preSolution
		Debug|Any CPU = Debug|Any CPU
		Release|Any CPU = Release|Any CPU
	EndGlobalSection
	GlobalSection(ProjectConfigurationPlatforms) = postSolution
		{5C41E561-59C6-4558-BE7B-34F7B65BF074}.Debug|Any CPU.ActiveCfg = Debug|Any CPU
		{5C41E561-59C6-4558-BE7B-34F7B65BF074}.Debug|Any CPU.Build.0 = Debug|Any CPU
		{5C41E561-59C6-4558-BE7B-34F7B65BF074}.Release|Any CPU.ActiveCfg = Release|Any CPU
		{5C41E561-59C6-4558-BE7B-34F7B65BF074}.Release|Any CPU.Build.0 = Release|Any CPU
		{C0652F56-03CB-40BB-80FB-F7DC4B0B7B05}.Debug|Any CPU.ActiveCfg = Debug|Any CPU
		{C0652F56-03CB-40BB-80FB-F7DC4B0B7B05}.Debug|Any CPU.Build.0 = Debug|Any CPU
		{C0652F56-03CB-40BB-80FB-F7DC4B0B7B05}.Release|Any CPU.ActiveCfg = Release|Any CPU
		{C0652F56-03CB-40BB-80FB-F7DC4B0B7B05}.Release|Any CPU.Build.0 = Release|Any CPU
	EndGlobalSection
	GlobalSection(SolutionProperties) = preSolution
		HideSolutionNode = FALSE
	EndGlobalSection
	GlobalSection(ExtensibilityGlobals) = postSolution
		SolutionGuid = {1388A93F-7CA8-448C-A733-FDD8CCBBCD31}
	EndGlobalSection
EndGlobal
