
Microsoft Visual Studio Solution File, Format Version 12.00
# Visual Studio 15
VisualStudioVersion = 15.0.28307.489
MinimumVisualStudioVersion = 10.0.40219.1
Project("{FAE04EC0-301F-11D3-BF4B-00C04F79EFBC}") = "Diviseur_NBR", "Diviseur_NBR\Diviseur_NBR.csproj", "{A8DD7860-480B-4FF9-85E5-2C1BA625FB72}"
EndProject
Project("{FAE04EC0-301F-11D3-BF4B-00C04F79EFBC}") = "ClassDiviseur", "ClassDiviseur\ClassDiviseur.csproj", "{08F8B280-0B28-437A-8E29-DAC0D9D3A882}"
EndProject
Global
	GlobalSection(SolutionConfigurationPlatforms) = preSolution
		Debug|Any CPU = Debug|Any CPU
		Release|Any CPU = Release|Any CPU
	EndGlobalSection
	GlobalSection(ProjectConfigurationPlatforms) = postSolution
		{A8DD7860-480B-4FF9-85E5-2C1BA625FB72}.Debug|Any CPU.ActiveCfg = Debug|Any CPU
		{A8DD7860-480B-4FF9-85E5-2C1BA625FB72}.Debug|Any CPU.Build.0 = Debug|Any CPU
		{A8DD7860-480B-4FF9-85E5-2C1BA625FB72}.Release|Any CPU.ActiveCfg = Release|Any CPU
		{A8DD7860-480B-4FF9-85E5-2C1BA625FB72}.Release|Any CPU.Build.0 = Release|Any CPU
		{08F8B280-0B28-437A-8E29-DAC0D9D3A882}.Debug|Any CPU.ActiveCfg = Debug|Any CPU
		{08F8B280-0B28-437A-8E29-DAC0D9D3A882}.Debug|Any CPU.Build.0 = Debug|Any CPU
		{08F8B280-0B28-437A-8E29-DAC0D9D3A882}.Release|Any CPU.ActiveCfg = Release|Any CPU
		{08F8B280-0B28-437A-8E29-DAC0D9D3A882}.Release|Any CPU.Build.0 = Release|Any CPU
	EndGlobalSection
	GlobalSection(SolutionProperties) = preSolution
		HideSolutionNode = FALSE
	EndGlobalSection
	GlobalSection(ExtensibilityGlobals) = postSolution
		SolutionGuid = {600D86D8-E37B-41B7-A8F5-4EC57240EEF4}
	EndGlobalSection
EndGlobal
