
Microsoft Visual Studio Solution File, Format Version 12.00
# Visual Studio 15
VisualStudioVersion = 15.0.28307.489
MinimumVisualStudioVersion = 10.0.40219.1
Project("{FAE04EC0-301F-11D3-BF4B-00C04F79EFBC}") = "Absolue", "Absolue\Absolue.csproj", "{997ABF94-87A6-42A5-B9A8-68834AED377C}"
EndProject
Global
	GlobalSection(SolutionConfigurationPlatforms) = preSolution
		Debug|Any CPU = Debug|Any CPU
		Release|Any CPU = Release|Any CPU
	EndGlobalSection
	GlobalSection(ProjectConfigurationPlatforms) = postSolution
		{997ABF94-87A6-42A5-B9A8-68834AED377C}.Debug|Any CPU.ActiveCfg = Debug|Any CPU
		{997ABF94-87A6-42A5-B9A8-68834AED377C}.Debug|Any CPU.Build.0 = Debug|Any CPU
		{997ABF94-87A6-42A5-B9A8-68834AED377C}.Release|Any CPU.ActiveCfg = Release|Any CPU
		{997ABF94-87A6-42A5-B9A8-68834AED377C}.Release|Any CPU.Build.0 = Release|Any CPU
	EndGlobalSection
	GlobalSection(SolutionProperties) = preSolution
		HideSolutionNode = FALSE
	EndGlobalSection
	GlobalSection(ExtensibilityGlobals) = postSolution
		SolutionGuid = {2AB8F14D-5228-4ECB-8945-B013AF3AF39C}
	EndGlobalSection
EndGlobal
