
Microsoft Visual Studio Solution File, Format Version 12.00
# Visual Studio 15
VisualStudioVersion = 15.0.28307.489
MinimumVisualStudioVersion = 10.0.40219.1
Project("{FAE04EC0-301F-11D3-BF4B-00C04F79EFBC}") = "ConsoleApp1", "ConsoleApp1\ConsoleApp1.csproj", "{BDB64DE8-679F-4890-9540-4B7DEE7A4ED5}"
EndProject
Global
	GlobalSection(SolutionConfigurationPlatforms) = preSolution
		Debug|Any CPU = Debug|Any CPU
		Release|Any CPU = Release|Any CPU
	EndGlobalSection
	GlobalSection(ProjectConfigurationPlatforms) = postSolution
		{BDB64DE8-679F-4890-9540-4B7DEE7A4ED5}.Debug|Any CPU.ActiveCfg = Debug|Any CPU
		{BDB64DE8-679F-4890-9540-4B7DEE7A4ED5}.Debug|Any CPU.Build.0 = Debug|Any CPU
		{BDB64DE8-679F-4890-9540-4B7DEE7A4ED5}.Release|Any CPU.ActiveCfg = Release|Any CPU
		{BDB64DE8-679F-4890-9540-4B7DEE7A4ED5}.Release|Any CPU.Build.0 = Release|Any CPU
	EndGlobalSection
	GlobalSection(SolutionProperties) = preSolution
		HideSolutionNode = FALSE
	EndGlobalSection
	GlobalSection(ExtensibilityGlobals) = postSolution
		SolutionGuid = {D015A1D5-1F8A-4EA1-9B53-20AF96721F98}
	EndGlobalSection
EndGlobal
