
Microsoft Visual Studio Solution File, Format Version 12.00
# Visual Studio 15
VisualStudioVersion = 15.0.28307.489
MinimumVisualStudioVersion = 10.0.40219.1
Project("{FAE04EC0-301F-11D3-BF4B-00C04F79EFBC}") = "Bissextile", "Bissextile\Bissextile.csproj", "{92EFC0EC-3C2D-46F7-8365-0104C6510593}"
EndProject
Global
	GlobalSection(SolutionConfigurationPlatforms) = preSolution
		Debug|Any CPU = Debug|Any CPU
		Release|Any CPU = Release|Any CPU
	EndGlobalSection
	GlobalSection(ProjectConfigurationPlatforms) = postSolution
		{92EFC0EC-3C2D-46F7-8365-0104C6510593}.Debug|Any CPU.ActiveCfg = Debug|Any CPU
		{92EFC0EC-3C2D-46F7-8365-0104C6510593}.Debug|Any CPU.Build.0 = Debug|Any CPU
		{92EFC0EC-3C2D-46F7-8365-0104C6510593}.Release|Any CPU.ActiveCfg = Release|Any CPU
		{92EFC0EC-3C2D-46F7-8365-0104C6510593}.Release|Any CPU.Build.0 = Release|Any CPU
	EndGlobalSection
	GlobalSection(SolutionProperties) = preSolution
		HideSolutionNode = FALSE
	EndGlobalSection
	GlobalSection(ExtensibilityGlobals) = postSolution
		SolutionGuid = {1A4C7A55-B6E7-4AAE-B9BA-8346DD98A754}
	EndGlobalSection
EndGlobal
