
Microsoft Visual Studio Solution File, Format Version 12.00
# Visual Studio 15
VisualStudioVersion = 15.0.28307.489
MinimumVisualStudioVersion = 10.0.40219.1
Project("{FAE04EC0-301F-11D3-BF4B-00C04F79EFBC}") = "EQUATION", "EQUATION\EQUATION.csproj", "{33609A66-8CC7-4BC7-BB03-2212948E8A67}"
EndProject
Project("{FAE04EC0-301F-11D3-BF4B-00C04F79EFBC}") = "UnitTestEQUATION", "UnitTestEQUATION\UnitTestEQUATION.csproj", "{3431A90F-AB53-40AE-A04D-34CEF503A001}"
EndProject
Global
	GlobalSection(SolutionConfigurationPlatforms) = preSolution
		Debug|Any CPU = Debug|Any CPU
		Release|Any CPU = Release|Any CPU
	EndGlobalSection
	GlobalSection(ProjectConfigurationPlatforms) = postSolution
		{33609A66-8CC7-4BC7-BB03-2212948E8A67}.Debug|Any CPU.ActiveCfg = Debug|Any CPU
		{33609A66-8CC7-4BC7-BB03-2212948E8A67}.Debug|Any CPU.Build.0 = Debug|Any CPU
		{33609A66-8CC7-4BC7-BB03-2212948E8A67}.Release|Any CPU.ActiveCfg = Release|Any CPU
		{33609A66-8CC7-4BC7-BB03-2212948E8A67}.Release|Any CPU.Build.0 = Release|Any CPU
		{3431A90F-AB53-40AE-A04D-34CEF503A001}.Debug|Any CPU.ActiveCfg = Debug|Any CPU
		{3431A90F-AB53-40AE-A04D-34CEF503A001}.Debug|Any CPU.Build.0 = Debug|Any CPU
		{3431A90F-AB53-40AE-A04D-34CEF503A001}.Release|Any CPU.ActiveCfg = Release|Any CPU
		{3431A90F-AB53-40AE-A04D-34CEF503A001}.Release|Any CPU.Build.0 = Release|Any CPU
	EndGlobalSection
	GlobalSection(SolutionProperties) = preSolution
		HideSolutionNode = FALSE
	EndGlobalSection
	GlobalSection(ExtensibilityGlobals) = postSolution
		SolutionGuid = {55F9271D-1D68-4532-A2FD-FB66DED6E26B}
	EndGlobalSection
EndGlobal
