
Microsoft Visual Studio Solution File, Format Version 12.00
# Visual Studio Version 16
VisualStudioVersion = 16.0.31105.61
MinimumVisualStudioVersion = 10.0.40219.1
Project("{FAE04EC0-301F-11D3-BF4B-00C04F79EFBC}") = "Le_LEPIDOPTERE", "Le_LEPIDOPTERE.csproj", "{3D97705D-B9F7-451C-95C3-1C356675233C}"
EndProject
Project("{FAE04EC0-301F-11D3-BF4B-00C04F79EFBC}") = "ClassLibrary_Lepidoptere", "ClassLibrary_Lepidoptere\ClassLibrary_Lepidoptere.csproj", "{3A216A59-4586-4076-8BB7-3AF7F9501B4B}"
EndProject
Global
	GlobalSection(SolutionConfigurationPlatforms) = preSolution
		Debug|Any CPU = Debug|Any CPU
		Release|Any CPU = Release|Any CPU
	EndGlobalSection
	GlobalSection(ProjectConfigurationPlatforms) = postSolution
		{3D97705D-B9F7-451C-95C3-1C356675233C}.Debug|Any CPU.ActiveCfg = Debug|Any CPU
		{3D97705D-B9F7-451C-95C3-1C356675233C}.Debug|Any CPU.Build.0 = Debug|Any CPU
		{3D97705D-B9F7-451C-95C3-1C356675233C}.Release|Any CPU.ActiveCfg = Release|Any CPU
		{3D97705D-B9F7-451C-95C3-1C356675233C}.Release|Any CPU.Build.0 = Release|Any CPU
		{3A216A59-4586-4076-8BB7-3AF7F9501B4B}.Debug|Any CPU.ActiveCfg = Debug|Any CPU
		{3A216A59-4586-4076-8BB7-3AF7F9501B4B}.Debug|Any CPU.Build.0 = Debug|Any CPU
		{3A216A59-4586-4076-8BB7-3AF7F9501B4B}.Release|Any CPU.ActiveCfg = Release|Any CPU
		{3A216A59-4586-4076-8BB7-3AF7F9501B4B}.Release|Any CPU.Build.0 = Release|Any CPU
	EndGlobalSection
	GlobalSection(SolutionProperties) = preSolution
		HideSolutionNode = FALSE
	EndGlobalSection
	GlobalSection(ExtensibilityGlobals) = postSolution
		SolutionGuid = {17B0BAA2-85B2-417D-8E81-D33B5CB3966D}
	EndGlobalSection
EndGlobal
