
Microsoft Visual Studio Solution File, Format Version 12.00
# Visual Studio 15
VisualStudioVersion = 15.0.28307.489
MinimumVisualStudioVersion = 10.0.40219.1
Project("{FAE04EC0-301F-11D3-BF4B-00C04F79EFBC}") = "rayonR", "rayonR\rayonR.csproj", "{4988E7EB-BFDA-4FE8-A388-4D0419EC1884}"
EndProject
Project("{FAE04EC0-301F-11D3-BF4B-00C04F79EFBC}") = "UnitTestProject1RAYON", "UnitTestProject1RAYON\UnitTestProject1RAYON.csproj", "{7AEF952A-1424-4F36-A840-6BC7D52CFCEE}"
EndProject
Global
	GlobalSection(SolutionConfigurationPlatforms) = preSolution
		Debug|Any CPU = Debug|Any CPU
		Release|Any CPU = Release|Any CPU
	EndGlobalSection
	GlobalSection(ProjectConfigurationPlatforms) = postSolution
		{4988E7EB-BFDA-4FE8-A388-4D0419EC1884}.Debug|Any CPU.ActiveCfg = Debug|Any CPU
		{4988E7EB-BFDA-4FE8-A388-4D0419EC1884}.Debug|Any CPU.Build.0 = Debug|Any CPU
		{4988E7EB-BFDA-4FE8-A388-4D0419EC1884}.Release|Any CPU.ActiveCfg = Release|Any CPU
		{4988E7EB-BFDA-4FE8-A388-4D0419EC1884}.Release|Any CPU.Build.0 = Release|Any CPU
		{7AEF952A-1424-4F36-A840-6BC7D52CFCEE}.Debug|Any CPU.ActiveCfg = Debug|Any CPU
		{7AEF952A-1424-4F36-A840-6BC7D52CFCEE}.Debug|Any CPU.Build.0 = Debug|Any CPU
		{7AEF952A-1424-4F36-A840-6BC7D52CFCEE}.Release|Any CPU.ActiveCfg = Release|Any CPU
		{7AEF952A-1424-4F36-A840-6BC7D52CFCEE}.Release|Any CPU.Build.0 = Release|Any CPU
	EndGlobalSection
	GlobalSection(SolutionProperties) = preSolution
		HideSolutionNode = FALSE
	EndGlobalSection
	GlobalSection(ExtensibilityGlobals) = postSolution
		SolutionGuid = {096A2BFF-DD92-4237-9B95-0F3663BE28B2}
	EndGlobalSection
EndGlobal
