
Microsoft Visual Studio Solution File, Format Version 12.00
# Visual Studio Version 16
VisualStudioVersion = 16.0.31229.75
MinimumVisualStudioVersion = 10.0.40219.1
Project("{FAE04EC0-301F-11D3-BF4B-00C04F79EFBC}") = "TRI_un_Tableau", "TRI_un_Tableau.csproj", "{F2762EF0-8054-43A0-AC79-4DA234FCFDDE}"
EndProject
Project("{FAE04EC0-301F-11D3-BF4B-00C04F79EFBC}") = "TRI_une_List", "..\TRI_une_List\TRI_une_List.csproj", "{B3BAF870-7AA6-40A8-ABB0-419094244F75}"
EndProject
Global
	GlobalSection(SolutionConfigurationPlatforms) = preSolution
		Debug|Any CPU = Debug|Any CPU
		Release|Any CPU = Release|Any CPU
	EndGlobalSection
	GlobalSection(ProjectConfigurationPlatforms) = postSolution
		{F2762EF0-8054-43A0-AC79-4DA234FCFDDE}.Debug|Any CPU.ActiveCfg = Debug|Any CPU
		{F2762EF0-8054-43A0-AC79-4DA234FCFDDE}.Debug|Any CPU.Build.0 = Debug|Any CPU
		{F2762EF0-8054-43A0-AC79-4DA234FCFDDE}.Release|Any CPU.ActiveCfg = Release|Any CPU
		{F2762EF0-8054-43A0-AC79-4DA234FCFDDE}.Release|Any CPU.Build.0 = Release|Any CPU
		{B3BAF870-7AA6-40A8-ABB0-419094244F75}.Debug|Any CPU.ActiveCfg = Debug|Any CPU
		{B3BAF870-7AA6-40A8-ABB0-419094244F75}.Debug|Any CPU.Build.0 = Debug|Any CPU
		{B3BAF870-7AA6-40A8-ABB0-419094244F75}.Release|Any CPU.ActiveCfg = Release|Any CPU
		{B3BAF870-7AA6-40A8-ABB0-419094244F75}.Release|Any CPU.Build.0 = Release|Any CPU
	EndGlobalSection
	GlobalSection(SolutionProperties) = preSolution
		HideSolutionNode = FALSE
	EndGlobalSection
	GlobalSection(ExtensibilityGlobals) = postSolution
		SolutionGuid = {FA99E7EB-D1F0-4573-89BE-22A6D79AB655}
	EndGlobalSection
EndGlobal
